
Microsoft Visual Studio Solution File, Format Version 12.00
# Visual Studio Version 17
VisualStudioVersion = 17.9.34526.213
MinimumVisualStudioVersion = 10.0.40219.1
Project("{FAE04EC0-301F-11D3-BF4B-00C04F79EFBC}") = "AdControllerApi", "AdControllerApi\AdControllerApi.csproj", "{F9DAF19C-6AB1-4A8D-8587-FC1D6F89E9DE}"
EndProject
Global
	GlobalSection(SolutionConfigurationPlatforms) = preSolution
		Debug|Any CPU = Debug|Any CPU
		Release|Any CPU = Release|Any CPU
	EndGlobalSection
	GlobalSection(ProjectConfigurationPlatforms) = postSolution
		{F9DAF19C-6AB1-4A8D-8587-FC1D6F89E9DE}.Debug|Any CPU.ActiveCfg = Debug|Any CPU
		{F9DAF19C-6AB1-4A8D-8587-FC1D6F89E9DE}.Debug|Any CPU.Build.0 = Debug|Any CPU
		{F9DAF19C-6AB1-4A8D-8587-FC1D6F89E9DE}.Release|Any CPU.ActiveCfg = Release|Any CPU
		{F9DAF19C-6AB1-4A8D-8587-FC1D6F89E9DE}.Release|Any CPU.Build.0 = Release|Any CPU
	EndGlobalSection
	GlobalSection(SolutionProperties) = preSolution
		HideSolutionNode = FALSE
	EndGlobalSection
	GlobalSection(ExtensibilityGlobals) = postSolution
		SolutionGuid = {1411C7B7-9D2C-4F8B-BA68-C3EF69827BCD}
	EndGlobalSection
EndGlobal
